
Microsoft Visual Studio Solution File, Format Version 12.00
# Visual Studio 15
Project("{FAE04EC0-301F-11D3-BF4B-00C04F79EFBC}") = "Google Game", "Google Game.csproj", "{C2EF62C0-7211-6987-9CA6-6542505B26A5}"
EndProject
Project("{FAE04EC0-301F-11D3-BF4B-00C04F79EFBC}") = "Google Game.Editor", "Google Game.Editor.csproj", "{65B559E9-0DC3-5AF5-C1CE-7966BFC00FCF}"
EndProject
Global
	GlobalSection(SolutionConfigurationPlatforms) = preSolution
		Debug|Any CPU = Debug|Any CPU
		Release|Any CPU = Release|Any CPU
	EndGlobalSection
	GlobalSection(ProjectConfigurationPlatforms) = postSolution
		{C2EF62C0-7211-6987-9CA6-6542505B26A5}.Debug|Any CPU.ActiveCfg = Debug|Any CPU
		{C2EF62C0-7211-6987-9CA6-6542505B26A5}.Debug|Any CPU.Build.0 = Debug|Any CPU
		{C2EF62C0-7211-6987-9CA6-6542505B26A5}.Release|Any CPU.ActiveCfg = Release|Any CPU
		{C2EF62C0-7211-6987-9CA6-6542505B26A5}.Release|Any CPU.Build.0 = Release|Any CPU
		{65B559E9-0DC3-5AF5-C1CE-7966BFC00FCF}.Debug|Any CPU.ActiveCfg = Debug|Any CPU
		{65B559E9-0DC3-5AF5-C1CE-7966BFC00FCF}.Debug|Any CPU.Build.0 = Debug|Any CPU
		{65B559E9-0DC3-5AF5-C1CE-7966BFC00FCF}.Release|Any CPU.ActiveCfg = Release|Any CPU
		{65B559E9-0DC3-5AF5-C1CE-7966BFC00FCF}.Release|Any CPU.Build.0 = Release|Any CPU
	EndGlobalSection
	GlobalSection(SolutionProperties) = preSolution
		HideSolutionNode = FALSE
	EndGlobalSection
EndGlobal
